
Microsoft Visual Studio Solution File, Format Version 12.00
# Visual Studio Version 17
VisualStudioVersion = 17.14.36109.1 d17.14
MinimumVisualStudioVersion = 10.0.40219.1
Project("{2150E333-8FDC-42A3-9474-1A3956D46DE8}") = "src", "src", "{02EA681E-C7D8-13C7-8484-4AC65E1B71E8}"
EndProject
Project("{2150E333-8FDC-42A3-9474-1A3956D46DE8}") = "tests", "tests", "{2D7F0D75-52F4-4C40-BFAA-9B96E5945F30}"
EndProject
Project("{FAE04EC0-301F-11D3-BF4B-00C04F79EFBC}") = "Lar.Connections.WebApi", "src\Lar.Connections.WebApi\Lar.Connections.WebApi.csproj", "{563BDB51-2E68-4634-98F3-5EE09FB1457E}"
EndProject
Global
	GlobalSection(SolutionConfigurationPlatforms) = preSolution
		Debug|Any CPU = Debug|Any CPU
		Release|Any CPU = Release|Any CPU
	EndGlobalSection
	GlobalSection(ProjectConfigurationPlatforms) = postSolution
		{563BDB51-2E68-4634-98F3-5EE09FB1457E}.Debug|Any CPU.ActiveCfg = Debug|Any CPU
		{563BDB51-2E68-4634-98F3-5EE09FB1457E}.Debug|Any CPU.Build.0 = Debug|Any CPU
		{563BDB51-2E68-4634-98F3-5EE09FB1457E}.Release|Any CPU.ActiveCfg = Release|Any CPU
		{563BDB51-2E68-4634-98F3-5EE09FB1457E}.Release|Any CPU.Build.0 = Release|Any CPU
	EndGlobalSection
	GlobalSection(SolutionProperties) = preSolution
		HideSolutionNode = FALSE
	EndGlobalSection
	GlobalSection(NestedProjects) = preSolution
		{563BDB51-2E68-4634-98F3-5EE09FB1457E} = {02EA681E-C7D8-13C7-8484-4AC65E1B71E8}
	EndGlobalSection
	GlobalSection(ExtensibilityGlobals) = postSolution
		SolutionGuid = {134ABFB3-FBD3-4F5B-980A-6DDA0CD9ED7D}
	EndGlobalSection
EndGlobal
